
Microsoft Visual Studio Solution File, Format Version 12.00
# Visual Studio Version 16
VisualStudioVersion = 16.0.29926.136
MinimumVisualStudioVersion = 10.0.40219.1
Project("{FAE04EC0-301F-11D3-BF4B-00C04F79EFBC}") = "do_an_1.Android", "do_an_1\do_an_1.Android\do_an_1.Android.csproj", "{27902B95-EFC0-45A5-99C0-8C98B56E53D8}"
EndProject
Project("{FAE04EC0-301F-11D3-BF4B-00C04F79EFBC}") = "do_an_1.iOS", "do_an_1\do_an_1.iOS\do_an_1.iOS.csproj", "{54CE8019-44C5-467D-A7D9-DF17D64A57FB}"
EndProject
Project("{FAE04EC0-301F-11D3-BF4B-00C04F79EFBC}") = "do_an_1", "do_an_1\do_an_1\do_an_1.csproj", "{7C2F578C-D141-4149-BE88-6794D4E32C67}"
EndProject
Global
	GlobalSection(SolutionConfigurationPlatforms) = preSolution
		Debug|Any CPU = Debug|Any CPU
		Debug|iPhone = Debug|iPhone
		Debug|iPhoneSimulator = Debug|iPhoneSimulator
		Release|Any CPU = Release|Any CPU
		Release|iPhone = Release|iPhone
		Release|iPhoneSimulator = Release|iPhoneSimulator
	EndGlobalSection
	GlobalSection(ProjectConfigurationPlatforms) = postSolution
		{27902B95-EFC0-45A5-99C0-8C98B56E53D8}.Debug|Any CPU.ActiveCfg = Debug|Any CPU
		{27902B95-EFC0-45A5-99C0-8C98B56E53D8}.Debug|Any CPU.Build.0 = Debug|Any CPU
		{27902B95-EFC0-45A5-99C0-8C98B56E53D8}.Debug|Any CPU.Deploy.0 = Debug|Any CPU
		{27902B95-EFC0-45A5-99C0-8C98B56E53D8}.Debug|iPhone.ActiveCfg = Debug|Any CPU
		{27902B95-EFC0-45A5-99C0-8C98B56E53D8}.Debug|iPhone.Build.0 = Debug|Any CPU
		{27902B95-EFC0-45A5-99C0-8C98B56E53D8}.Debug|iPhone.Deploy.0 = Debug|Any CPU
		{27902B95-EFC0-45A5-99C0-8C98B56E53D8}.Debug|iPhoneSimulator.ActiveCfg = Debug|Any CPU
		{27902B95-EFC0-45A5-99C0-8C98B56E53D8}.Debug|iPhoneSimulator.Build.0 = Debug|Any CPU
		{27902B95-EFC0-45A5-99C0-8C98B56E53D8}.Debug|iPhoneSimulator.Deploy.0 = Debug|Any CPU
		{27902B95-EFC0-45A5-99C0-8C98B56E53D8}.Release|Any CPU.ActiveCfg = Release|Any CPU
		{27902B95-EFC0-45A5-99C0-8C98B56E53D8}.Release|Any CPU.Build.0 = Release|Any CPU
		{27902B95-EFC0-45A5-99C0-8C98B56E53D8}.Release|Any CPU.Deploy.0 = Release|Any CPU
		{27902B95-EFC0-45A5-99C0-8C98B56E53D8}.Release|iPhone.ActiveCfg = Release|Any CPU
		{27902B95-EFC0-45A5-99C0-8C98B56E53D8}.Release|iPhone.Build.0 = Release|Any CPU
		{27902B95-EFC0-45A5-99C0-8C98B56E53D8}.Release|iPhone.Deploy.0 = Release|Any CPU
		{27902B95-EFC0-45A5-99C0-8C98B56E53D8}.Release|iPhoneSimulator.ActiveCfg = Release|Any CPU
		{27902B95-EFC0-45A5-99C0-8C98B56E53D8}.Release|iPhoneSimulator.Build.0 = Release|Any CPU
		{27902B95-EFC0-45A5-99C0-8C98B56E53D8}.Release|iPhoneSimulator.Deploy.0 = Release|Any CPU
		{54CE8019-44C5-467D-A7D9-DF17D64A57FB}.Debug|Any CPU.ActiveCfg = Debug|iPhone
		{54CE8019-44C5-467D-A7D9-DF17D64A57FB}.Debug|Any CPU.Build.0 = Debug|iPhone
		{54CE8019-44C5-467D-A7D9-DF17D64A57FB}.Debug|Any CPU.Deploy.0 = Debug|iPhone
		{54CE8019-44C5-467D-A7D9-DF17D64A57FB}.Debug|iPhone.ActiveCfg = Debug|iPhone
		{54CE8019-44C5-467D-A7D9-DF17D64A57FB}.Debug|iPhone.Build.0 = Debug|iPhone
		{54CE8019-44C5-467D-A7D9-DF17D64A57FB}.Debug|iPhone.Deploy.0 = Debug|iPhone
		{54CE8019-44C5-467D-A7D9-DF17D64A57FB}.Debug|iPhoneSimulator.ActiveCfg = Debug|iPhoneSimulator
		{54CE8019-44C5-467D-A7D9-DF17D64A57FB}.Debug|iPhoneSimulator.Build.0 = Debug|iPhoneSimulator
		{54CE8019-44C5-467D-A7D9-DF17D64A57FB}.Debug|iPhoneSimulator.Deploy.0 = Debug|iPhoneSimulator
		{54CE8019-44C5-467D-A7D9-DF17D64A57FB}.Release|Any CPU.ActiveCfg = Release|iPhone
		{54CE8019-44C5-467D-A7D9-DF17D64A57FB}.Release|Any CPU.Build.0 = Release|iPhone
		{54CE8019-44C5-467D-A7D9-DF17D64A57FB}.Release|Any CPU.Deploy.0 = Release|iPhone
		{54CE8019-44C5-467D-A7D9-DF17D64A57FB}.Release|iPhone.ActiveCfg = Release|iPhone
		{54CE8019-44C5-467D-A7D9-DF17D64A57FB}.Release|iPhone.Build.0 = Release|iPhone
		{54CE8019-44C5-467D-A7D9-DF17D64A57FB}.Release|iPhone.Deploy.0 = Release|iPhone
		{54CE8019-44C5-467D-A7D9-DF17D64A57FB}.Release|iPhoneSimulator.ActiveCfg = Release|iPhoneSimulator
		{54CE8019-44C5-467D-A7D9-DF17D64A57FB}.Release|iPhoneSimulator.Build.0 = Release|iPhoneSimulator
		{54CE8019-44C5-467D-A7D9-DF17D64A57FB}.Release|iPhoneSimulator.Deploy.0 = Release|iPhoneSimulator
		{7C2F578C-D141-4149-BE88-6794D4E32C67}.Debug|Any CPU.ActiveCfg = Debug|Any CPU
		{7C2F578C-D141-4149-BE88-6794D4E32C67}.Debug|Any CPU.Build.0 = Debug|Any CPU
		{7C2F578C-D141-4149-BE88-6794D4E32C67}.Debug|Any CPU.Deploy.0 = Debug|Any CPU
		{7C2F578C-D141-4149-BE88-6794D4E32C67}.Debug|iPhone.ActiveCfg = Debug|Any CPU
		{7C2F578C-D141-4149-BE88-6794D4E32C67}.Debug|iPhone.Build.0 = Debug|Any CPU
		{7C2F578C-D141-4149-BE88-6794D4E32C67}.Debug|iPhone.Deploy.0 = Debug|Any CPU
		{7C2F578C-D141-4149-BE88-6794D4E32C67}.Debug|iPhoneSimulator.ActiveCfg = Debug|Any CPU
		{7C2F578C-D141-4149-BE88-6794D4E32C67}.Debug|iPhoneSimulator.Build.0 = Debug|Any CPU
		{7C2F578C-D141-4149-BE88-6794D4E32C67}.Debug|iPhoneSimulator.Deploy.0 = Debug|Any CPU
		{7C2F578C-D141-4149-BE88-6794D4E32C67}.Release|Any CPU.ActiveCfg = Release|Any CPU
		{7C2F578C-D141-4149-BE88-6794D4E32C67}.Release|Any CPU.Build.0 = Release|Any CPU
		{7C2F578C-D141-4149-BE88-6794D4E32C67}.Release|Any CPU.Deploy.0 = Release|Any CPU
		{7C2F578C-D141-4149-BE88-6794D4E32C67}.Release|iPhone.ActiveCfg = Release|Any CPU
		{7C2F578C-D141-4149-BE88-6794D4E32C67}.Release|iPhone.Build.0 = Release|Any CPU
		{7C2F578C-D141-4149-BE88-6794D4E32C67}.Release|iPhone.Deploy.0 = Release|Any CPU
		{7C2F578C-D141-4149-BE88-6794D4E32C67}.Release|iPhoneSimulator.ActiveCfg = Release|Any CPU
		{7C2F578C-D141-4149-BE88-6794D4E32C67}.Release|iPhoneSimulator.Build.0 = Release|Any CPU
		{7C2F578C-D141-4149-BE88-6794D4E32C67}.Release|iPhoneSimulator.Deploy.0 = Release|Any CPU
	EndGlobalSection
	GlobalSection(SolutionProperties) = preSolution
		HideSolutionNode = FALSE
	EndGlobalSection
	GlobalSection(ExtensibilityGlobals) = postSolution
		SolutionGuid = {FC2D3FFC-6558-42C7-95CC-2ED4502B4FA5}
	EndGlobalSection
EndGlobal
