
Microsoft Visual Studio Solution File, Format Version 12.00
# Visual Studio Version 16
VisualStudioVersion = 16.0.32002.261
MinimumVisualStudioVersion = 10.0.40219.1
Project("{FAE04EC0-301F-11D3-BF4B-00C04F79EFBC}") = "Duolingo_1.Android", "Duolingo_1\Duolingo_1.Android\Duolingo_1.Android.csproj", "{F7694A9E-F966-4DB9-A248-6B3042727E57}"
EndProject
Project("{FAE04EC0-301F-11D3-BF4B-00C04F79EFBC}") = "Duolingo_1.iOS", "Duolingo_1\Duolingo_1.iOS\Duolingo_1.iOS.csproj", "{77D0589F-87AC-4A17-9240-4356BBB19AF1}"
EndProject
Project("{FAE04EC0-301F-11D3-BF4B-00C04F79EFBC}") = "Duolingo_1", "Duolingo_1\Duolingo_1\Duolingo_1.csproj", "{5804ECA4-8B75-43D0-9FA2-A5F16B790CD0}"
EndProject
Global
	GlobalSection(SolutionConfigurationPlatforms) = preSolution
		Debug|Any CPU = Debug|Any CPU
		Debug|iPhone = Debug|iPhone
		Debug|iPhoneSimulator = Debug|iPhoneSimulator
		Release|Any CPU = Release|Any CPU
		Release|iPhone = Release|iPhone
		Release|iPhoneSimulator = Release|iPhoneSimulator
	EndGlobalSection
	GlobalSection(ProjectConfigurationPlatforms) = postSolution
		{F7694A9E-F966-4DB9-A248-6B3042727E57}.Debug|Any CPU.ActiveCfg = Debug|Any CPU
		{F7694A9E-F966-4DB9-A248-6B3042727E57}.Debug|Any CPU.Build.0 = Debug|Any CPU
		{F7694A9E-F966-4DB9-A248-6B3042727E57}.Debug|Any CPU.Deploy.0 = Debug|Any CPU
		{F7694A9E-F966-4DB9-A248-6B3042727E57}.Debug|iPhone.ActiveCfg = Debug|Any CPU
		{F7694A9E-F966-4DB9-A248-6B3042727E57}.Debug|iPhone.Build.0 = Debug|Any CPU
		{F7694A9E-F966-4DB9-A248-6B3042727E57}.Debug|iPhone.Deploy.0 = Debug|Any CPU
		{F7694A9E-F966-4DB9-A248-6B3042727E57}.Debug|iPhoneSimulator.ActiveCfg = Debug|Any CPU
		{F7694A9E-F966-4DB9-A248-6B3042727E57}.Debug|iPhoneSimulator.Build.0 = Debug|Any CPU
		{F7694A9E-F966-4DB9-A248-6B3042727E57}.Debug|iPhoneSimulator.Deploy.0 = Debug|Any CPU
		{F7694A9E-F966-4DB9-A248-6B3042727E57}.Release|Any CPU.ActiveCfg = Release|Any CPU
		{F7694A9E-F966-4DB9-A248-6B3042727E57}.Release|Any CPU.Build.0 = Release|Any CPU
		{F7694A9E-F966-4DB9-A248-6B3042727E57}.Release|Any CPU.Deploy.0 = Release|Any CPU
		{F7694A9E-F966-4DB9-A248-6B3042727E57}.Release|iPhone.ActiveCfg = Release|Any CPU
		{F7694A9E-F966-4DB9-A248-6B3042727E57}.Release|iPhone.Build.0 = Release|Any CPU
		{F7694A9E-F966-4DB9-A248-6B3042727E57}.Release|iPhone.Deploy.0 = Release|Any CPU
		{F7694A9E-F966-4DB9-A248-6B3042727E57}.Release|iPhoneSimulator.ActiveCfg = Release|Any CPU
		{F7694A9E-F966-4DB9-A248-6B3042727E57}.Release|iPhoneSimulator.Build.0 = Release|Any CPU
		{F7694A9E-F966-4DB9-A248-6B3042727E57}.Release|iPhoneSimulator.Deploy.0 = Release|Any CPU
		{77D0589F-87AC-4A17-9240-4356BBB19AF1}.Debug|Any CPU.ActiveCfg = Debug|iPhone
		{77D0589F-87AC-4A17-9240-4356BBB19AF1}.Debug|Any CPU.Build.0 = Debug|iPhone
		{77D0589F-87AC-4A17-9240-4356BBB19AF1}.Debug|Any CPU.Deploy.0 = Debug|iPhone
		{77D0589F-87AC-4A17-9240-4356BBB19AF1}.Debug|iPhone.ActiveCfg = Debug|iPhone
		{77D0589F-87AC-4A17-9240-4356BBB19AF1}.Debug|iPhone.Build.0 = Debug|iPhone
		{77D0589F-87AC-4A17-9240-4356BBB19AF1}.Debug|iPhone.Deploy.0 = Debug|iPhone
		{77D0589F-87AC-4A17-9240-4356BBB19AF1}.Debug|iPhoneSimulator.ActiveCfg = Debug|iPhoneSimulator
		{77D0589F-87AC-4A17-9240-4356BBB19AF1}.Debug|iPhoneSimulator.Build.0 = Debug|iPhoneSimulator
		{77D0589F-87AC-4A17-9240-4356BBB19AF1}.Debug|iPhoneSimulator.Deploy.0 = Debug|iPhoneSimulator
		{77D0589F-87AC-4A17-9240-4356BBB19AF1}.Release|Any CPU.ActiveCfg = Release|iPhoneSimulator
		{77D0589F-87AC-4A17-9240-4356BBB19AF1}.Release|Any CPU.Build.0 = Release|iPhoneSimulator
		{77D0589F-87AC-4A17-9240-4356BBB19AF1}.Release|Any CPU.Deploy.0 = Release|iPhoneSimulator
		{77D0589F-87AC-4A17-9240-4356BBB19AF1}.Release|iPhone.ActiveCfg = Release|iPhone
		{77D0589F-87AC-4A17-9240-4356BBB19AF1}.Release|iPhone.Build.0 = Release|iPhone
		{77D0589F-87AC-4A17-9240-4356BBB19AF1}.Release|iPhone.Deploy.0 = Release|iPhone
		{77D0589F-87AC-4A17-9240-4356BBB19AF1}.Release|iPhoneSimulator.ActiveCfg = Release|iPhoneSimulator
		{77D0589F-87AC-4A17-9240-4356BBB19AF1}.Release|iPhoneSimulator.Build.0 = Release|iPhoneSimulator
		{77D0589F-87AC-4A17-9240-4356BBB19AF1}.Release|iPhoneSimulator.Deploy.0 = Release|iPhoneSimulator
		{5804ECA4-8B75-43D0-9FA2-A5F16B790CD0}.Debug|Any CPU.ActiveCfg = Debug|Any CPU
		{5804ECA4-8B75-43D0-9FA2-A5F16B790CD0}.Debug|Any CPU.Build.0 = Debug|Any CPU
		{5804ECA4-8B75-43D0-9FA2-A5F16B790CD0}.Debug|Any CPU.Deploy.0 = Debug|Any CPU
		{5804ECA4-8B75-43D0-9FA2-A5F16B790CD0}.Debug|iPhone.ActiveCfg = Debug|Any CPU
		{5804ECA4-8B75-43D0-9FA2-A5F16B790CD0}.Debug|iPhone.Build.0 = Debug|Any CPU
		{5804ECA4-8B75-43D0-9FA2-A5F16B790CD0}.Debug|iPhone.Deploy.0 = Debug|Any CPU
		{5804ECA4-8B75-43D0-9FA2-A5F16B790CD0}.Debug|iPhoneSimulator.ActiveCfg = Debug|Any CPU
		{5804ECA4-8B75-43D0-9FA2-A5F16B790CD0}.Debug|iPhoneSimulator.Build.0 = Debug|Any CPU
		{5804ECA4-8B75-43D0-9FA2-A5F16B790CD0}.Debug|iPhoneSimulator.Deploy.0 = Debug|Any CPU
		{5804ECA4-8B75-43D0-9FA2-A5F16B790CD0}.Release|Any CPU.ActiveCfg = Release|Any CPU
		{5804ECA4-8B75-43D0-9FA2-A5F16B790CD0}.Release|Any CPU.Build.0 = Release|Any CPU
		{5804ECA4-8B75-43D0-9FA2-A5F16B790CD0}.Release|Any CPU.Deploy.0 = Release|Any CPU
		{5804ECA4-8B75-43D0-9FA2-A5F16B790CD0}.Release|iPhone.ActiveCfg = Release|Any CPU
		{5804ECA4-8B75-43D0-9FA2-A5F16B790CD0}.Release|iPhone.Build.0 = Release|Any CPU
		{5804ECA4-8B75-43D0-9FA2-A5F16B790CD0}.Release|iPhone.Deploy.0 = Release|Any CPU
		{5804ECA4-8B75-43D0-9FA2-A5F16B790CD0}.Release|iPhoneSimulator.ActiveCfg = Release|Any CPU
		{5804ECA4-8B75-43D0-9FA2-A5F16B790CD0}.Release|iPhoneSimulator.Build.0 = Release|Any CPU
		{5804ECA4-8B75-43D0-9FA2-A5F16B790CD0}.Release|iPhoneSimulator.Deploy.0 = Release|Any CPU
	EndGlobalSection
	GlobalSection(SolutionProperties) = preSolution
		HideSolutionNode = FALSE
	EndGlobalSection
	GlobalSection(ExtensibilityGlobals) = postSolution
		SolutionGuid = {2911E4BB-D399-4B08-961B-0FB326ABD610}
	EndGlobalSection
EndGlobal
